
Microsoft Visual Studio Solution File, Format Version 12.00
# Visual Studio Version 17
VisualStudioVersion = 17.7.34221.43
MinimumVisualStudioVersion = 10.0.40219.1
Project("{8BC9CEB8-8B4A-11D0-8D11-00A0C91BC942}") = "GameExercise", "GameExercise\GameExercise.vcxproj", "{7A30C273-1FC7-46F5-8EA2-1860B43892CE}"
EndProject
Project("{8BC9CEB8-8B4A-11D0-8D11-00A0C91BC942}") = "枚举", "枚举1\枚举1.vcxproj", "{611166FC-707A-4D51-88C7-2064675A405B}"
EndProject
Project("{8BC9CEB8-8B4A-11D0-8D11-00A0C91BC942}") = "搜索与查找", "搜索与查找\搜索与查找.vcxproj", "{DBB82D76-128F-4FFF-B14C-B4A0BFAFB64D}"
EndProject
Project("{8BC9CEB8-8B4A-11D0-8D11-00A0C91BC942}") = "思维与贪心", "思维与贪心\思维与贪心.vcxproj", "{665D4595-6C9C-4492-96A9-6615F5EF969B}"
EndProject
Project("{8BC9CEB8-8B4A-11D0-8D11-00A0C91BC942}") = "模拟", "模拟\模拟.vcxproj", "{B29C0E56-6718-445D-807B-11B93CCD273B}"
EndProject
Project("{8BC9CEB8-8B4A-11D0-8D11-00A0C91BC942}") = "排序", "排序\排序.vcxproj", "{EB66D29F-114B-47BF-A754-A0432A1FA5FD}"
EndProject
Project("{8BC9CEB8-8B4A-11D0-8D11-00A0C91BC942}") = "二分", "二分\二分.vcxproj", "{359A7A43-5D2C-49A0-B2F6-86B1C2B800E8}"
EndProject
Project("{8BC9CEB8-8B4A-11D0-8D11-00A0C91BC942}") = "分冶", "分冶\分冶.vcxproj", "{133BADC3-A3BB-42CA-AAFA-6DBAB9CDA5CF}"
EndProject
Project("{8BC9CEB8-8B4A-11D0-8D11-00A0C91BC942}") = "贪心", "贪心\贪心.vcxproj", "{BE39F889-6DEE-4400-95CC-1FED0DE52CBE}"
EndProject
Project("{8BC9CEB8-8B4A-11D0-8D11-00A0C91BC942}") = "高精度", "高精度\高精度.vcxproj", "{CA1A5101-3775-4B29-A6E8-3C8B5C47E14B}"
EndProject
Project("{8BC9CEB8-8B4A-11D0-8D11-00A0C91BC942}") = "前缀和与差分", "前缀和与差分\前缀和与差分.vcxproj", "{57E179D6-FD07-4265-AB41-8BF18916E271}"
EndProject
Project("{8BC9CEB8-8B4A-11D0-8D11-00A0C91BC942}") = "动态规划", "动态规划\动态规划.vcxproj", "{8D6ECD5A-F39B-46BD-91C6-1D495D535B00}"
EndProject
Project("{8BC9CEB8-8B4A-11D0-8D11-00A0C91BC942}") = "数据结构", "字符串\字符串.vcxproj", "{4D90FFD9-3613-49AE-B3E4-1950CE1D3919}"
EndProject
Project("{8BC9CEB8-8B4A-11D0-8D11-00A0C91BC942}") = "数学", "数学\数学.vcxproj", "{AFB4708E-FEDD-4791-86E6-1D92242C0168}"
EndProject
Global
	GlobalSection(SolutionConfigurationPlatforms) = preSolution
		Debug|x64 = Debug|x64
		Debug|x86 = Debug|x86
		Release|x64 = Release|x64
		Release|x86 = Release|x86
	EndGlobalSection
	GlobalSection(ProjectConfigurationPlatforms) = postSolution
		{7A30C273-1FC7-46F5-8EA2-1860B43892CE}.Debug|x64.ActiveCfg = Debug|x64
		{7A30C273-1FC7-46F5-8EA2-1860B43892CE}.Debug|x64.Build.0 = Debug|x64
		{7A30C273-1FC7-46F5-8EA2-1860B43892CE}.Debug|x86.ActiveCfg = Debug|Win32
		{7A30C273-1FC7-46F5-8EA2-1860B43892CE}.Debug|x86.Build.0 = Debug|Win32
		{7A30C273-1FC7-46F5-8EA2-1860B43892CE}.Release|x64.ActiveCfg = Release|x64
		{7A30C273-1FC7-46F5-8EA2-1860B43892CE}.Release|x64.Build.0 = Release|x64
		{7A30C273-1FC7-46F5-8EA2-1860B43892CE}.Release|x86.ActiveCfg = Release|Win32
		{7A30C273-1FC7-46F5-8EA2-1860B43892CE}.Release|x86.Build.0 = Release|Win32
		{611166FC-707A-4D51-88C7-2064675A405B}.Debug|x64.ActiveCfg = Debug|x64
		{611166FC-707A-4D51-88C7-2064675A405B}.Debug|x64.Build.0 = Debug|x64
		{611166FC-707A-4D51-88C7-2064675A405B}.Debug|x86.ActiveCfg = Debug|Win32
		{611166FC-707A-4D51-88C7-2064675A405B}.Debug|x86.Build.0 = Debug|Win32
		{611166FC-707A-4D51-88C7-2064675A405B}.Release|x64.ActiveCfg = Release|x64
		{611166FC-707A-4D51-88C7-2064675A405B}.Release|x64.Build.0 = Release|x64
		{611166FC-707A-4D51-88C7-2064675A405B}.Release|x86.ActiveCfg = Release|Win32
		{611166FC-707A-4D51-88C7-2064675A405B}.Release|x86.Build.0 = Release|Win32
		{DBB82D76-128F-4FFF-B14C-B4A0BFAFB64D}.Debug|x64.ActiveCfg = Debug|x64
		{DBB82D76-128F-4FFF-B14C-B4A0BFAFB64D}.Debug|x64.Build.0 = Debug|x64
		{DBB82D76-128F-4FFF-B14C-B4A0BFAFB64D}.Debug|x86.ActiveCfg = Debug|Win32
		{DBB82D76-128F-4FFF-B14C-B4A0BFAFB64D}.Debug|x86.Build.0 = Debug|Win32
		{DBB82D76-128F-4FFF-B14C-B4A0BFAFB64D}.Release|x64.ActiveCfg = Release|x64
		{DBB82D76-128F-4FFF-B14C-B4A0BFAFB64D}.Release|x64.Build.0 = Release|x64
		{DBB82D76-128F-4FFF-B14C-B4A0BFAFB64D}.Release|x86.ActiveCfg = Release|Win32
		{DBB82D76-128F-4FFF-B14C-B4A0BFAFB64D}.Release|x86.Build.0 = Release|Win32
		{665D4595-6C9C-4492-96A9-6615F5EF969B}.Debug|x64.ActiveCfg = Debug|x64
		{665D4595-6C9C-4492-96A9-6615F5EF969B}.Debug|x64.Build.0 = Debug|x64
		{665D4595-6C9C-4492-96A9-6615F5EF969B}.Debug|x86.ActiveCfg = Debug|Win32
		{665D4595-6C9C-4492-96A9-6615F5EF969B}.Debug|x86.Build.0 = Debug|Win32
		{665D4595-6C9C-4492-96A9-6615F5EF969B}.Release|x64.ActiveCfg = Release|x64
		{665D4595-6C9C-4492-96A9-6615F5EF969B}.Release|x64.Build.0 = Release|x64
		{665D4595-6C9C-4492-96A9-6615F5EF969B}.Release|x86.ActiveCfg = Release|Win32
		{665D4595-6C9C-4492-96A9-6615F5EF969B}.Release|x86.Build.0 = Release|Win32
		{B29C0E56-6718-445D-807B-11B93CCD273B}.Debug|x64.ActiveCfg = Debug|x64
		{B29C0E56-6718-445D-807B-11B93CCD273B}.Debug|x64.Build.0 = Debug|x64
		{B29C0E56-6718-445D-807B-11B93CCD273B}.Debug|x86.ActiveCfg = Debug|Win32
		{B29C0E56-6718-445D-807B-11B93CCD273B}.Debug|x86.Build.0 = Debug|Win32
		{B29C0E56-6718-445D-807B-11B93CCD273B}.Release|x64.ActiveCfg = Release|x64
		{B29C0E56-6718-445D-807B-11B93CCD273B}.Release|x64.Build.0 = Release|x64
		{B29C0E56-6718-445D-807B-11B93CCD273B}.Release|x86.ActiveCfg = Release|Win32
		{B29C0E56-6718-445D-807B-11B93CCD273B}.Release|x86.Build.0 = Release|Win32
		{EB66D29F-114B-47BF-A754-A0432A1FA5FD}.Debug|x64.ActiveCfg = Debug|x64
		{EB66D29F-114B-47BF-A754-A0432A1FA5FD}.Debug|x64.Build.0 = Debug|x64
		{EB66D29F-114B-47BF-A754-A0432A1FA5FD}.Debug|x86.ActiveCfg = Debug|Win32
		{EB66D29F-114B-47BF-A754-A0432A1FA5FD}.Debug|x86.Build.0 = Debug|Win32
		{EB66D29F-114B-47BF-A754-A0432A1FA5FD}.Release|x64.ActiveCfg = Release|x64
		{EB66D29F-114B-47BF-A754-A0432A1FA5FD}.Release|x64.Build.0 = Release|x64
		{EB66D29F-114B-47BF-A754-A0432A1FA5FD}.Release|x86.ActiveCfg = Release|Win32
		{EB66D29F-114B-47BF-A754-A0432A1FA5FD}.Release|x86.Build.0 = Release|Win32
		{359A7A43-5D2C-49A0-B2F6-86B1C2B800E8}.Debug|x64.ActiveCfg = Debug|x64
		{359A7A43-5D2C-49A0-B2F6-86B1C2B800E8}.Debug|x64.Build.0 = Debug|x64
		{359A7A43-5D2C-49A0-B2F6-86B1C2B800E8}.Debug|x86.ActiveCfg = Debug|Win32
		{359A7A43-5D2C-49A0-B2F6-86B1C2B800E8}.Debug|x86.Build.0 = Debug|Win32
		{359A7A43-5D2C-49A0-B2F6-86B1C2B800E8}.Release|x64.ActiveCfg = Release|x64
		{359A7A43-5D2C-49A0-B2F6-86B1C2B800E8}.Release|x64.Build.0 = Release|x64
		{359A7A43-5D2C-49A0-B2F6-86B1C2B800E8}.Release|x86.ActiveCfg = Release|Win32
		{359A7A43-5D2C-49A0-B2F6-86B1C2B800E8}.Release|x86.Build.0 = Release|Win32
		{133BADC3-A3BB-42CA-AAFA-6DBAB9CDA5CF}.Debug|x64.ActiveCfg = Debug|x64
		{133BADC3-A3BB-42CA-AAFA-6DBAB9CDA5CF}.Debug|x64.Build.0 = Debug|x64
		{133BADC3-A3BB-42CA-AAFA-6DBAB9CDA5CF}.Debug|x86.ActiveCfg = Debug|Win32
		{133BADC3-A3BB-42CA-AAFA-6DBAB9CDA5CF}.Debug|x86.Build.0 = Debug|Win32
		{133BADC3-A3BB-42CA-AAFA-6DBAB9CDA5CF}.Release|x64.ActiveCfg = Release|x64
		{133BADC3-A3BB-42CA-AAFA-6DBAB9CDA5CF}.Release|x64.Build.0 = Release|x64
		{133BADC3-A3BB-42CA-AAFA-6DBAB9CDA5CF}.Release|x86.ActiveCfg = Release|Win32
		{133BADC3-A3BB-42CA-AAFA-6DBAB9CDA5CF}.Release|x86.Build.0 = Release|Win32
		{BE39F889-6DEE-4400-95CC-1FED0DE52CBE}.Debug|x64.ActiveCfg = Debug|x64
		{BE39F889-6DEE-4400-95CC-1FED0DE52CBE}.Debug|x64.Build.0 = Debug|x64
		{BE39F889-6DEE-4400-95CC-1FED0DE52CBE}.Debug|x86.ActiveCfg = Debug|Win32
		{BE39F889-6DEE-4400-95CC-1FED0DE52CBE}.Debug|x86.Build.0 = Debug|Win32
		{BE39F889-6DEE-4400-95CC-1FED0DE52CBE}.Release|x64.ActiveCfg = Release|x64
		{BE39F889-6DEE-4400-95CC-1FED0DE52CBE}.Release|x64.Build.0 = Release|x64
		{BE39F889-6DEE-4400-95CC-1FED0DE52CBE}.Release|x86.ActiveCfg = Release|Win32
		{BE39F889-6DEE-4400-95CC-1FED0DE52CBE}.Release|x86.Build.0 = Release|Win32
		{CA1A5101-3775-4B29-A6E8-3C8B5C47E14B}.Debug|x64.ActiveCfg = Debug|x64
		{CA1A5101-3775-4B29-A6E8-3C8B5C47E14B}.Debug|x64.Build.0 = Debug|x64
		{CA1A5101-3775-4B29-A6E8-3C8B5C47E14B}.Debug|x86.ActiveCfg = Debug|Win32
		{CA1A5101-3775-4B29-A6E8-3C8B5C47E14B}.Debug|x86.Build.0 = Debug|Win32
		{CA1A5101-3775-4B29-A6E8-3C8B5C47E14B}.Release|x64.ActiveCfg = Release|x64
		{CA1A5101-3775-4B29-A6E8-3C8B5C47E14B}.Release|x64.Build.0 = Release|x64
		{CA1A5101-3775-4B29-A6E8-3C8B5C47E14B}.Release|x86.ActiveCfg = Release|Win32
		{CA1A5101-3775-4B29-A6E8-3C8B5C47E14B}.Release|x86.Build.0 = Release|Win32
		{57E179D6-FD07-4265-AB41-8BF18916E271}.Debug|x64.ActiveCfg = Debug|x64
		{57E179D6-FD07-4265-AB41-8BF18916E271}.Debug|x64.Build.0 = Debug|x64
		{57E179D6-FD07-4265-AB41-8BF18916E271}.Debug|x86.ActiveCfg = Debug|Win32
		{57E179D6-FD07-4265-AB41-8BF18916E271}.Debug|x86.Build.0 = Debug|Win32
		{57E179D6-FD07-4265-AB41-8BF18916E271}.Release|x64.ActiveCfg = Release|x64
		{57E179D6-FD07-4265-AB41-8BF18916E271}.Release|x64.Build.0 = Release|x64
		{57E179D6-FD07-4265-AB41-8BF18916E271}.Release|x86.ActiveCfg = Release|Win32
		{57E179D6-FD07-4265-AB41-8BF18916E271}.Release|x86.Build.0 = Release|Win32
		{8D6ECD5A-F39B-46BD-91C6-1D495D535B00}.Debug|x64.ActiveCfg = Debug|x64
		{8D6ECD5A-F39B-46BD-91C6-1D495D535B00}.Debug|x64.Build.0 = Debug|x64
		{8D6ECD5A-F39B-46BD-91C6-1D495D535B00}.Debug|x86.ActiveCfg = Debug|Win32
		{8D6ECD5A-F39B-46BD-91C6-1D495D535B00}.Debug|x86.Build.0 = Debug|Win32
		{8D6ECD5A-F39B-46BD-91C6-1D495D535B00}.Release|x64.ActiveCfg = Release|x64
		{8D6ECD5A-F39B-46BD-91C6-1D495D535B00}.Release|x64.Build.0 = Release|x64
		{8D6ECD5A-F39B-46BD-91C6-1D495D535B00}.Release|x86.ActiveCfg = Release|Win32
		{8D6ECD5A-F39B-46BD-91C6-1D495D535B00}.Release|x86.Build.0 = Release|Win32
		{4D90FFD9-3613-49AE-B3E4-1950CE1D3919}.Debug|x64.ActiveCfg = Debug|x64
		{4D90FFD9-3613-49AE-B3E4-1950CE1D3919}.Debug|x64.Build.0 = Debug|x64
		{4D90FFD9-3613-49AE-B3E4-1950CE1D3919}.Debug|x86.ActiveCfg = Debug|Win32
		{4D90FFD9-3613-49AE-B3E4-1950CE1D3919}.Debug|x86.Build.0 = Debug|Win32
		{4D90FFD9-3613-49AE-B3E4-1950CE1D3919}.Release|x64.ActiveCfg = Release|x64
		{4D90FFD9-3613-49AE-B3E4-1950CE1D3919}.Release|x64.Build.0 = Release|x64
		{4D90FFD9-3613-49AE-B3E4-1950CE1D3919}.Release|x86.ActiveCfg = Release|Win32
		{4D90FFD9-3613-49AE-B3E4-1950CE1D3919}.Release|x86.Build.0 = Release|Win32
		{AFB4708E-FEDD-4791-86E6-1D92242C0168}.Debug|x64.ActiveCfg = Debug|x64
		{AFB4708E-FEDD-4791-86E6-1D92242C0168}.Debug|x64.Build.0 = Debug|x64
		{AFB4708E-FEDD-4791-86E6-1D92242C0168}.Debug|x86.ActiveCfg = Debug|Win32
		{AFB4708E-FEDD-4791-86E6-1D92242C0168}.Debug|x86.Build.0 = Debug|Win32
		{AFB4708E-FEDD-4791-86E6-1D92242C0168}.Release|x64.ActiveCfg = Release|x64
		{AFB4708E-FEDD-4791-86E6-1D92242C0168}.Release|x64.Build.0 = Release|x64
		{AFB4708E-FEDD-4791-86E6-1D92242C0168}.Release|x86.ActiveCfg = Release|Win32
		{AFB4708E-FEDD-4791-86E6-1D92242C0168}.Release|x86.Build.0 = Release|Win32
	EndGlobalSection
	GlobalSection(SolutionProperties) = preSolution
		HideSolutionNode = FALSE
	EndGlobalSection
	GlobalSection(ExtensibilityGlobals) = postSolution
		SolutionGuid = {9F58585C-5E13-48BF-AFAB-DC59A9417D91}
	EndGlobalSection
EndGlobal
